
Microsoft Visual Studio Solution File, Format Version 12.00
# Visual Studio 15
VisualStudioVersion = 15.0.27703.2000
MinimumVisualStudioVersion = 10.0.40219.1
Project("{FAE04EC0-301F-11D3-BF4B-00C04F79EFBC}") = "ParkingWebAPI", "ParkingWebAPI\ParkingWebAPI.csproj", "{102A6157-D7C8-4E24-9045-1216414AD957}"
EndProject
Project("{FAE04EC0-301F-11D3-BF4B-00C04F79EFBC}") = "ParkingLibrary", "ParkingLibrary\ParkingLibrary.csproj", "{30D92500-6C83-4B83-A234-8D8869FCD391}"
EndProject
Global
	GlobalSection(SolutionConfigurationPlatforms) = preSolution
		Debug|Any CPU = Debug|Any CPU
		Release|Any CPU = Release|Any CPU
	EndGlobalSection
	GlobalSection(ProjectConfigurationPlatforms) = postSolution
		{102A6157-D7C8-4E24-9045-1216414AD957}.Debug|Any CPU.ActiveCfg = Debug|Any CPU
		{102A6157-D7C8-4E24-9045-1216414AD957}.Debug|Any CPU.Build.0 = Debug|Any CPU
		{102A6157-D7C8-4E24-9045-1216414AD957}.Release|Any CPU.ActiveCfg = Release|Any CPU
		{102A6157-D7C8-4E24-9045-1216414AD957}.Release|Any CPU.Build.0 = Release|Any CPU
		{30D92500-6C83-4B83-A234-8D8869FCD391}.Debug|Any CPU.ActiveCfg = Debug|Any CPU
		{30D92500-6C83-4B83-A234-8D8869FCD391}.Debug|Any CPU.Build.0 = Debug|Any CPU
		{30D92500-6C83-4B83-A234-8D8869FCD391}.Release|Any CPU.ActiveCfg = Release|Any CPU
		{30D92500-6C83-4B83-A234-8D8869FCD391}.Release|Any CPU.Build.0 = Release|Any CPU
	EndGlobalSection
	GlobalSection(SolutionProperties) = preSolution
		HideSolutionNode = FALSE
	EndGlobalSection
	GlobalSection(ExtensibilityGlobals) = postSolution
		SolutionGuid = {DA7F207F-3966-4EEF-B8AD-0C65DCD8FA10}
	EndGlobalSection
EndGlobal
